// !$*UTF8*$!
{
	archiveVersion = 1;
	classes = {
	};
	objectVersion = 50;
	objects = {

/* Begin PBXBuildFile section */
		C65316E221651CED0085464C /* AppDelegate.swift in Sources */ = {isa = PBXBuildFile; fileRef = C65316E121651CED0085464C /* AppDelegate.swift */; };
		C65316E421651CED0085464C /* ViewController.swift in Sources */ = {isa = PBXBuildFile; fileRef = C65316E321651CED0085464C /* ViewController.swift */; };
		C65316E721651CED0085464C /* Main.storyboard in Resources */ = {isa = PBXBuildFile; fileRef = C65316E521651CED0085464C /* Main.storyboard */; };
		C65316EA21651CED0085464C /* Album.xcdatamodeld in Sources */ = {isa = PBXBuildFile; fileRef = C65316E821651CED0085464C /* Album.xcdatamodeld */; };
		C65316EC21651CF00085464C /* Assets.xcassets in Resources */ = {isa = PBXBuildFile; fileRef = C65316EB21651CF00085464C /* Assets.xcassets */; };
		C65316EF21651CF00085464C /* LaunchScreen.storyboard in Resources */ = {isa = PBXBuildFile; fileRef = C65316ED21651CF00085464C /* LaunchScreen.storyboard */; };
		C65316FA21651CF00085464C /* AlbumTests.swift in Sources */ = {isa = PBXBuildFile; fileRef = C65316F921651CF00085464C /* AlbumTests.swift */; };
		C653170521651CF00085464C /* AlbumUITests.swift in Sources */ = {isa = PBXBuildFile; fileRef = C653170421651CF00085464C /* AlbumUITests.swift */; };
/* End PBXBuildFile section */

/* Begin PBXContainerItemProxy section */
		C65316F621651CF00085464C /* PBXContainerItemProxy */ = {
			isa = PBXContainerItemProxy;
			containerPortal = C65316D621651CED0085464C /* Project object */;
			proxyType = 1;
			remoteGlobalIDString = C65316DD21651CED0085464C;
			remoteInfo = Album;
		};
		C653170121651CF00085464C /* PBXContainerItemProxy */ = {
			isa = PBXContainerItemProxy;
			containerPortal = C65316D621651CED0085464C /* Project object */;
			proxyType = 1;
			remoteGlobalIDString = C65316DD21651CED0085464C;
			remoteInfo = Album;
		};
/* End PBXContainerItemProxy section */

/* Begin PBXFileReference section */
		C65316DE21651CED0085464C /* Album.app */ = {isa = PBXFileReference; explicitFileType = wrapper.application; includeInIndex = 0; path = Album.app; sourceTree = BUILT_PRODUCTS_DIR; };
		C65316E121651CED0085464C /* AppDelegate.swift */ = {isa = PBXFileReference; lastKnownFileType = sourcecode.swift; path = AppDelegate.swift; sourceTree = "<group>"; };
		C65316E321651CED0085464C /* ViewController.swift */ = {isa = PBXFileReference; lastKnownFileType = sourcecode.swift; path = ViewController.swift; sourceTree = "<group>"; };
		C65316E621651CED0085464C /* Base */ = {isa = PBXFileReference; lastKnownFileType = file.storyboard; name = Base; path = Base.lproj/Main.storyboard; sourceTree = "<group>"; };
		C65316E921651CED0085464C /* Album.xcdatamodel */ = {isa = PBXFileReference; lastKnownFileType = wrapper.xcdatamodel; path = Album.xcdatamodel; sourceTree = "<group>"; };
		C65316EB21651CF00085464C /* Assets.xcassets */ = {isa = PBXFileReference; lastKnownFileType = folder.assetcatalog; path = Assets.xcassets; sourceTree = "<group>"; };
		C65316EE21651CF00085464C /* Base */ = {isa = PBXFileReference; lastKnownFileType = file.storyboard; name = Base; path = Base.lproj/LaunchScreen.storyboard; sourceTree = "<group>"; };
		C65316F021651CF00085464C /* Info.plist */ = {isa = PBXFileReference; lastKnownFileType = text.plist.xml; path = Info.plist; sourceTree = "<group>"; };
		C65316F521651CF00085464C /* AlbumTests.xctest */ = {isa = PBXFileReference; explicitFileType = wrapper.cfbundle; includeInIndex = 0; path = AlbumTests.xctest; sourceTree = BUILT_PRODUCTS_DIR; };
		C65316F921651CF00085464C /* AlbumTests.swift */ = {isa = PBXFileReference; lastKnownFileType = sourcecode.swift; path = AlbumTests.swift; sourceTree = "<group>"; };
		C65316FB21651CF00085464C /* Info.plist */ = {isa = PBXFileReference; lastKnownFileType = text.plist.xml; path = Info.plist; sourceTree = "<group>"; };
		C653170021651CF00085464C /* AlbumUITests.xctest */ = {isa = PBXFileReference; explicitFileType = wrapper.cfbundle; includeInIndex = 0; path = AlbumUITests.xctest; sourceTree = BUILT_PRODUCTS_DIR; };
		C653170421651CF00085464C /* AlbumUITests.swift */ = {isa = PBXFileReference; lastKnownFileType = sourcecode.swift; path = AlbumUITests.swift; sourceTree = "<group>"; };
		C653170621651CF00085464C /* Info.plist */ = {isa = PBXFileReference; lastKnownFileType = text.plist.xml; path = Info.plist; sourceTree = "<group>"; };
/* End PBXFileReference section */

/* Begin PBXFrameworksBuildPhase section */
		C65316DB21651CED0085464C /* Frameworks */ = {
			isa = PBXFrameworksBuildPhase;
			buildActionMask = 2147483647;
			files = (
			);
			runOnlyForDeploymentPostprocessing = 0;
		};
		C65316F221651CF00085464C /* Frameworks */ = {
			isa = PBXFrameworksBuildPhase;
			buildActionMask = 2147483647;
			files = (
			);
			runOnlyForDeploymentPostprocessing = 0;
		};
		C65316FD21651CF00085464C /* Frameworks */ = {
			isa = PBXFrameworksBuildPhase;
			buildActionMask = 2147483647;
			files = (
			);
			runOnlyForDeploymentPostprocessing = 0;
		};
/* End PBXFrameworksBuildPhase section */

/* Begin PBXGroup section */
		C65316D521651CED0085464C = {
			isa = PBXGroup;
			children = (
				C65316E021651CED0085464C /* Album */,
				C65316F821651CF00085464C /* AlbumTests */,
				C653170321651CF00085464C /* AlbumUITests */,
				C65316DF21651CED0085464C /* Products */,
			);
			sourceTree = "<group>";
		};
		C65316DF21651CED0085464C /* Products */ = {
			isa = PBXGroup;
			children = (
				C65316DE21651CED0085464C /* Album.app */,
				C65316F521651CF00085464C /* AlbumTests.xctest */,
				C653170021651CF00085464C /* AlbumUITests.xctest */,
			);
			name = Products;
			sourceTree = "<group>";
		};
		C65316E021651CED0085464C /* Album */ = {
			isa = PBXGroup;
			children = (
				C65316E121651CED0085464C /* AppDelegate.swift */,
				C65316E321651CED0085464C /* ViewController.swift */,
				C65316E521651CED0085464C /* Main.storyboard */,
				C65316EB21651CF00085464C /* Assets.xcassets */,
				C65316ED21651CF00085464C /* LaunchScreen.storyboard */,
				C65316F021651CF00085464C /* Info.plist */,
				C65316E821651CED0085464C /* Album.xcdatamodeld */,
			);
			path = Album;
			sourceTree = "<group>";
		};
		C65316F821651CF00085464C /* AlbumTests */ = {
			isa = PBXGroup;
			children = (
				C65316F921651CF00085464C /* AlbumTests.swift */,
				C65316FB21651CF00085464C /* Info.plist */,
			);
			path = AlbumTests;
			sourceTree = "<group>";
		};
		C653170321651CF00085464C /* AlbumUITests */ = {
			isa = PBXGroup;
			children = (
				C653170421651CF00085464C /* AlbumUITests.swift */,
				C653170621651CF00085464C /* Info.plist */,
			);
			path = AlbumUITests;
			sourceTree = "<group>";
		};
/* End PBXGroup section */

/* Begin PBXNativeTarget section */
		C65316DD21651CED0085464C /* Album */ = {
			isa = PBXNativeTarget;
			buildConfigurationList = C653170921651CF00085464C /* Build configuration list for PBXNativeTarget "Album" */;
			buildPhases = (
				C65316DA21651CED0085464C /* Sources */,
				C65316DB21651CED0085464C /* Frameworks */,
				C65316DC21651CED0085464C /* Resources */,
			);
			buildRules = (
			);
			dependencies = (
			);
			name = Album;
			productName = Album;
			productReference = C65316DE21651CED0085464C /* Album.app */;
			productType = "com.apple.product-type.application";
		};
		C65316F421651CF00085464C /* AlbumTests */ = {
			isa = PBXNativeTarget;
			buildConfigurationList = C653170C21651CF00085464C /* Build configuration list for PBXNativeTarget "AlbumTests" */;
			buildPhases = (
				C65316F121651CF00085464C /* Sources */,
				C65316F221651CF00085464C /* Frameworks */,
				C65316F321651CF00085464C /* Resources */,
			);
			buildRules = (
			);
			dependencies = (
				C65316F721651CF00085464C /* PBXTargetDependency */,
			);
			name = AlbumTests;
			productName = AlbumTests;
			productReference = C65316F521651CF00085464C /* AlbumTests.xctest */;
			productType = "com.apple.product-type.bundle.unit-test";
		};
		C65316FF21651CF00085464C /* AlbumUITests */ = {
			isa = PBXNativeTarget;
			buildConfigurationList = C653170F21651CF00085464C /* Build configuration list for PBXNativeTarget "AlbumUITests" */;
			buildPhases = (
				C65316FC21651CF00085464C /* Sources */,
				C65316FD21651CF00085464C /* Frameworks */,
				C65316FE21651CF00085464C /* Resources */,
			);
			buildRules = (
			);
			dependencies = (
				C653170221651CF00085464C /* PBXTargetDependency */,
			);
			name = AlbumUITests;
			productName = AlbumUITests;
			productReference = C653170021651CF00085464C /* AlbumUITests.xctest */;
			productType = "com.apple.product-type.bundle.ui-testing";
		};
/* End PBXNativeTarget section */

/* Begin PBXProject section */
		C65316D621651CED0085464C /* Project object */ = {
			isa = PBXProject;
			attributes = {
				LastSwiftUpdateCheck = 1000;
				LastUpgradeCheck = 1000;
				ORGANIZATIONNAME = "Jordi Gamez";
				TargetAttributes = {
					C65316DD21651CED0085464C = {
						CreatedOnToolsVersion = 10.0;
					};
					C65316F421651CF00085464C = {
						CreatedOnToolsVersion = 10.0;
						TestTargetID = C65316DD21651CED0085464C;
					};
					C65316FF21651CF00085464C = {
						CreatedOnToolsVersion = 10.0;
						TestTargetID = C65316DD21651CED0085464C;
					};
				};
			};
			buildConfigurationList = C65316D921651CED0085464C /* Build configuration list for PBXProject "Album" */;
			compatibilityVersion = "Xcode 9.3";
			developmentRegion = en;
			hasScannedForEncodings = 0;
			knownRegions = (
				en,
				Base,
			);
			mainGroup = C65316D521651CED0085464C;
			productRefGroup = C65316DF21651CED0085464C /* Products */;
			projectDirPath = "";
			projectRoot = "";
			targets = (
				C65316DD21651CED0085464C /* Album */,
				C65316F421651CF00085464C /* AlbumTests */,
				C65316FF21651CF00085464C /* AlbumUITests */,
			);
		};
/* End PBXProject section */

/* Begin PBXResourcesBuildPhase section */
		C65316DC21651CED0085464C /* Resources */ = {
			isa = PBXResourcesBuildPhase;
			buildActionMask = 2147483647;
			files = (
				C65316EF21651CF00085464C /* LaunchScreen.storyboard in Resources */,
				C65316EC21651CF00085464C /* Assets.xcassets in Resources */,
				C65316E721651CED0085464C /* Main.storyboard in Resources */,
			);
			runOnlyForDeploymentPostprocessing = 0;
		};
		C65316F321651CF00085464C /* Resources */ = {
			isa = PBXResourcesBuildPhase;
			buildActionMask = 2147483647;
			files = (
			);
			runOnlyForDeploymentPostprocessing = 0;
		};
		C65316FE21651CF00085464C /* Resources */ = {
			isa = PBXResourcesBuildPhase;
			buildActionMask = 2147483647;
			files = (
			);
			runOnlyForDeploymentPostprocessing = 0;
		};
/* End PBXResourcesBuildPhase section */

/* Begin PBXSourcesBuildPhase section */
		C65316DA21651CED0085464C /* Sources */ = {
			isa = PBXSourcesBuildPhase;
			buildActionMask = 2147483647;
			files = (
				C65316EA21651CED0085464C /* Album.xcdatamodeld in Sources */,
				C65316E421651CED0085464C /* ViewController.swift in Sources */,
				C65316E221651CED0085464C /* AppDelegate.swift in Sources */,
			);
			runOnlyForDeploymentPostprocessing = 0;
		};
		C65316F121651CF00085464C /* Sources */ = {
			isa = PBXSourcesBuildPhase;
			buildActionMask = 2147483647;
			files = (
				C65316FA21651CF00085464C /* AlbumTests.swift in Sources */,
			);
			runOnlyForDeploymentPostprocessing = 0;
		};
		C65316FC21651CF00085464C /* Sources */ = {
			isa = PBXSourcesBuildPhase;
			buildActionMask = 2147483647;
			files = (
				C653170521651CF00085464C /* AlbumUITests.swift in Sources */,
			);
			runOnlyForDeploymentPostprocessing = 0;
		};
/* End PBXSourcesBuildPhase section */

/* Begin PBXTargetDependency section */
		C65316F721651CF00085464C /* PBXTargetDependency */ = {
			isa = PBXTargetDependency;
			target = C65316DD21651CED0085464C /* Album */;
			targetProxy = C65316F621651CF00085464C /* PBXContainerItemProxy */;
		};
		C653170221651CF00085464C /* PBXTargetDependency */ = {
			isa = PBXTargetDependency;
			target = C65316DD21651CED0085464C /* Album */;
			targetProxy = C653170121651CF00085464C /* PBXContainerItemProxy */;
		};
/* End PBXTargetDependency section */

/* Begin PBXVariantGroup section */
		C65316E521651CED0085464C /* Main.storyboard */ = {
			isa = PBXVariantGroup;
			children = (
				C65316E621651CED0085464C /* Base */,
			);
			name = Main.storyboard;
			sourceTree = "<group>";
		};
		C65316ED21651CF00085464C /* LaunchScreen.storyboard */ = {
			isa = PBXVariantGroup;
			children = (
				C65316EE21651CF00085464C /* Base */,
			);
			name = LaunchScreen.storyboard;
			sourceTree = "<group>";
		};
/* End PBXVariantGroup section */

/* Begin XCBuildConfiguration section */
		C653170721651CF00085464C /* Debug */ = {
			isa = XCBuildConfiguration;
			buildSettings = {
				ALWAYS_SEARCH_USER_PATHS = NO;
				CLANG_ANALYZER_NONNULL = YES;
				CLANG_ANALYZER_NUMBER_OBJECT_CONVERSION = YES_AGGRESSIVE;
				CLANG_CXX_LANGUAGE_STANDARD = "gnu++14";
				CLANG_CXX_LIBRARY = "libc++";
				CLANG_ENABLE_MODULES = YES;
				CLANG_ENABLE_OBJC_ARC = YES;
				CLANG_ENABLE_OBJC_WEAK = YES;
				CLANG_WARN_BLOCK_CAPTURE_AUTORELEASING = YES;
				CLANG_WARN_BOOL_CONVERSION = YES;
				CLANG_WARN_COMMA = YES;
				CLANG_WARN_CONSTANT_CONVERSION = YES;
				CLANG_WARN_DEPRECATED_OBJC_IMPLEMENTATIONS = YES;
				CLANG_WARN_DIRECT_OBJC_ISA_USAGE = YES_ERROR;
				CLANG_WARN_DOCUMENTATION_COMMENTS = YES;
				CLANG_WARN_EMPTY_BODY = YES;
				CLANG_WARN_ENUM_CONVERSION = YES;
				CLANG_WARN_INFINITE_RECURSION = YES;
				CLANG_WARN_INT_CONVERSION = YES;
				CLANG_WARN_NON_LITERAL_NULL_CONVERSION = YES;
				CLANG_WARN_OBJC_IMPLICIT_RETAIN_SELF = YES;
				CLANG_WARN_OBJC_LITERAL_CONVERSION = YES;
				CLANG_WARN_OBJC_ROOT_CLASS = YES_ERROR;
				CLANG_WARN_RANGE_LOOP_ANALYSIS = YES;
				CLANG_WARN_STRICT_PROTOTYPES = YES;
				CLANG_WARN_SUSPICIOUS_MOVE = YES;
				CLANG_WARN_UNGUARDED_AVAILABILITY = YES_AGGRESSIVE;
				CLANG_WARN_UNREACHABLE_CODE = YES;
				CLANG_WARN__DUPLICATE_METHOD_MATCH = YES;
				CODE_SIGN_IDENTITY = "iPhone Developer";
				COPY_PHASE_STRIP = NO;
				DEBUG_INFORMATION_FORMAT = dwarf;
				ENABLE_STRICT_OBJC_MSGSEND = YES;
				ENABLE_TESTABILITY = YES;
				GCC_C_LANGUAGE_STANDARD = gnu11;
				GCC_DYNAMIC_NO_PIC = NO;
				GCC_NO_COMMON_BLOCKS = YES;
				GCC_OPTIMIZATION_LEVEL = 0;
				GCC_PREPROCESSOR_DEFINITIONS = (
					"DEBUG=1",
					"$(inherited)",
				);
				GCC_WARN_64_TO_32_BIT_CONVERSION = YES;
				GCC_WARN_ABOUT_RETURN_TYPE = YES_ERROR;
				GCC_WARN_UNDECLARED_SELECTOR = YES;
				GCC_WARN_UNINITIALIZED_AUTOS = YES_AGGRESSIVE;
				GCC_WARN_UNUSED_FUNCTION = YES;
				GCC_WARN_UNUSED_VARIABLE = YES;
				IPHONEOS_DEPLOYMENT_TARGET = 12.0;
				MTL_ENABLE_DEBUG_INFO = INCLUDE_SOURCE;
				MTL_FAST_MATH = YES;
				ONLY_ACTIVE_ARCH = YES;
				SDKROOT = iphoneos;
				SWIFT_ACTIVE_COMPILATION_CONDITIONS = DEBUG;
				SWIFT_OPTIMIZATION_LEVEL = "-Onone";
			};
			name = Debug;
		};
		C653170821651CF00085464C /* Release */ = {
			isa = XCBuildConfiguration;
			buildSettings = {
				ALWAYS_SEARCH_USER_PATHS = NO;
				CLANG_ANALYZER_NONNULL = YES;
				CLANG_ANALYZER_NUMBER_OBJECT_CONVERSION = YES_AGGRESSIVE;
				CLANG_CXX_LANGUAGE_STANDARD = "gnu++14";
				CLANG_CXX_LIBRARY = "libc++";
				CLANG_ENABLE_MODULES = YES;
				CLANG_ENABLE_OBJC_ARC = YES;
				CLANG_ENABLE_OBJC_WEAK = YES;
				CLANG_WARN_BLOCK_CAPTURE_AUTORELEASING = YES;
				CLANG_WARN_BOOL_CONVERSION = YES;
				CLANG_WARN_COMMA = YES;
				CLANG_WARN_CONSTANT_CONVERSION = YES;
				CLANG_WARN_DEPRECATED_OBJC_IMPLEMENTATIONS = YES;
				CLANG_WARN_DIRECT_OBJC_ISA_USAGE = YES_ERROR;
				CLANG_WARN_DOCUMENTATION_COMMENTS = YES;
				CLANG_WARN_EMPTY_BODY = YES;
				CLANG_WARN_ENUM_CONVERSION = YES;
				CLANG_WARN_INFINITE_RECURSION = YES;
				CLANG_WARN_INT_CONVERSION = YES;
				CLANG_WARN_NON_LITERAL_NULL_CONVERSION = YES;
				CLANG_WARN_OBJC_IMPLICIT_RETAIN_SELF = YES;
				CLANG_WARN_OBJC_LITERAL_CONVERSION = YES;
				CLANG_WARN_OBJC_ROOT_CLASS = YES_ERROR;
				CLANG_WARN_RANGE_LOOP_ANALYSIS = YES;
				CLANG_WARN_STRICT_PROTOTYPES = YES;
				CLANG_WARN_SUSPICIOUS_MOVE = YES;
				CLANG_WARN_UNGUARDED_AVAILABILITY = YES_AGGRESSIVE;
				CLANG_WARN_UNREACHABLE_CODE = YES;
				CLANG_WARN__DUPLICATE_METHOD_MATCH = YES;
				CODE_SIGN_IDENTITY = "iPhone Developer";
				COPY_PHASE_STRIP = NO;
				DEBUG_INFORMATION_FORMAT = "dwarf-with-dsym";
				ENABLE_NS_ASSERTIONS = NO;
				ENABLE_STRICT_OBJC_MSGSEND = YES;
				GCC_C_LANGUAGE_STANDARD = gnu11;
				GCC_NO_COMMON_BLOCKS = YES;
				GCC_WARN_64_TO_32_BIT_CONVERSION = YES;
				GCC_WARN_ABOUT_RETURN_TYPE = YES_ERROR;
				GCC_WARN_UNDECLARED_SELECTOR = YES;
				GCC_WARN_UNINITIALIZED_AUTOS = YES_AGGRESSIVE;
				GCC_WARN_UNUSED_FUNCTION = YES;
				GCC_WARN_UNUSED_VARIABLE = YES;
				IPHONEOS_DEPLOYMENT_TARGET = 12.0;
				MTL_ENABLE_DEBUG_INFO = NO;
				MTL_FAST_MATH = YES;
				SDKROOT = iphoneos;
				SWIFT_COMPILATION_MODE = wholemodule;
				SWIFT_OPTIMIZATION_LEVEL = "-O";
				VALIDATE_PRODUCT = YES;
			};
			name = Release;
		};
		C653170A21651CF00085464C /* Debug */ = {
			isa = XCBuildConfiguration;
			buildSettings = {
				ASSETCATALOG_COMPILER_APPICON_NAME = AppIcon;
				CODE_SIGN_STYLE = Automatic;
				DEVELOPMENT_TEAM = 2GF85C9B94;
				INFOPLIST_FILE = Album/Info.plist;
				LD_RUNPATH_SEARCH_PATHS = (
					"$(inherited)",
					"@executable_path/Frameworks",
				);
				PRODUCT_BUNDLE_IDENTIFIER = com.jordigamez.Album;
				PRODUCT_NAME = "$(TARGET_NAME)";
				SWIFT_VERSION = 4.2;
				TARGETED_DEVICE_FAMILY = "1,2";
			};
			name = Debug;
		};
		C653170B21651CF00085464C /* Release */ = {
			isa = XCBuildConfiguration;
			buildSettings = {
				ASSETCATALOG_COMPILER_APPICON_NAME = AppIcon;
				CODE_SIGN_STYLE = Automatic;
				DEVELOPMENT_TEAM = 2GF85C9B94;
				INFOPLIST_FILE = Album/Info.plist;
				LD_RUNPATH_SEARCH_PATHS = (
					"$(inherited)",
					"@executable_path/Frameworks",
				);
				PRODUCT_BUNDLE_IDENTIFIER = com.jordigamez.Album;
				PRODUCT_NAME = "$(TARGET_NAME)";
				SWIFT_VERSION = 4.2;
				TARGETED_DEVICE_FAMILY = "1,2";
			};
			name = Release;
		};
		C653170D21651CF00085464C /* Debug */ = {
			isa = XCBuildConfiguration;
			buildSettings = {
				ALWAYS_EMBED_SWIFT_STANDARD_LIBRARIES = YES;
				BUNDLE_LOADER = "$(TEST_HOST)";
				CODE_SIGN_STYLE = Automatic;
				DEVELOPMENT_TEAM = 2GF85C9B94;
				INFOPLIST_FILE = AlbumTests/Info.plist;
				LD_RUNPATH_SEARCH_PATHS = (
					"$(inherited)",
					"@executable_path/Frameworks",
					"@loader_path/Frameworks",
				);
				PRODUCT_BUNDLE_IDENTIFIER = com.jordigamez.AlbumTests;
				PRODUCT_NAME = "$(TARGET_NAME)";
				SWIFT_VERSION = 4.2;
				TARGETED_DEVICE_FAMILY = "1,2";
				TEST_HOST = "$(BUILT_PRODUCTS_DIR)/Album.app/Album";
			};
			name = Debug;
		};
		C653170E21651CF00085464C /* Release */ = {
			isa = XCBuildConfiguration;
			buildSettings = {
				ALWAYS_EMBED_SWIFT_STANDARD_LIBRARIES = YES;
				BUNDLE_LOADER = "$(TEST_HOST)";
				CODE_SIGN_STYLE = Automatic;
				DEVELOPMENT_TEAM = 2GF85C9B94;
				INFOPLIST_FILE = AlbumTests/Info.plist;
				LD_RUNPATH_SEARCH_PATHS = (
					"$(inherited)",
					"@executable_path/Frameworks",
					"@loader_path/Frameworks",
				);
				PRODUCT_BUNDLE_IDENTIFIER = com.jordigamez.AlbumTests;
				PRODUCT_NAME = "$(TARGET_NAME)";
				SWIFT_VERSION = 4.2;
				TARGETED_DEVICE_FAMILY = "1,2";
				TEST_HOST = "$(BUILT_PRODUCTS_DIR)/Album.app/Album";
			};
			name = Release;
		};
		C653171021651CF00085464C /* Debug */ = {
			isa = XCBuildConfiguration;
			buildSettings = {
				ALWAYS_EMBED_SWIFT_STANDARD_LIBRARIES = YES;
				CODE_SIGN_STYLE = Automatic;
				DEVELOPMENT_TEAM = 2GF85C9B94;
				INFOPLIST_FILE = AlbumUITests/Info.plist;
				LD_RUNPATH_SEARCH_PATHS = (
					"$(inherited)",
					"@executable_path/Frameworks",
					"@loader_path/Frameworks",
				);
				PRODUCT_BUNDLE_IDENTIFIER = com.jordigamez.AlbumUITests;
				PRODUCT_NAME = "$(TARGET_NAME)";
				SWIFT_VERSION = 4.2;
				TARGETED_DEVICE_FAMILY = "1,2";
				TEST_TARGET_NAME = Album;
			};
			name = Debug;
		};
		C653171121651CF00085464C /* Release */ = {
			isa = XCBuildConfiguration;
			buildSettings = {
				ALWAYS_EMBED_SWIFT_STANDARD_LIBRARIES = YES;
				CODE_SIGN_STYLE = Automatic;
				DEVELOPMENT_TEAM = 2GF85C9B94;
				INFOPLIST_FILE = AlbumUITests/Info.plist;
				LD_RUNPATH_SEARCH_PATHS = (
					"$(inherited)",
					"@executable_path/Frameworks",
					"@loader_path/Frameworks",
				);
				PRODUCT_BUNDLE_IDENTIFIER = com.jordigamez.AlbumUITests;
				PRODUCT_NAME = "$(TARGET_NAME)";
				SWIFT_VERSION = 4.2;
				TARGETED_DEVICE_FAMILY = "1,2";
				TEST_TARGET_NAME = Album;
			};
			name = Release;
		};
/* End XCBuildConfiguration section */

/* Begin XCConfigurationList section */
		C65316D921651CED0085464C /* Build configuration list for PBXProject "Album" */ = {
			isa = XCConfigurationList;
			buildConfigurations = (
				C653170721651CF00085464C /* Debug */,
				C653170821651CF00085464C /* Release */,
			);
			defaultConfigurationIsVisible = 0;
			defaultConfigurationName = Release;
		};
		C653170921651CF00085464C /* Build configuration list for PBXNativeTarget "Album" */ = {
			isa = XCConfigurationList;
			buildConfigurations = (
				C653170A21651CF00085464C /* Debug */,
				C653170B21651CF00085464C /* Release */,
			);
			defaultConfigurationIsVisible = 0;
			defaultConfigurationName = Release;
		};
		C653170C21651CF00085464C /* Build configuration list for PBXNativeTarget "AlbumTests" */ = {
			isa = XCConfigurationList;
			buildConfigurations = (
				C653170D21651CF00085464C /* Debug */,
				C653170E21651CF00085464C /* Release */,
			);
			defaultConfigurationIsVisible = 0;
			defaultConfigurationName = Release;
		};
		C653170F21651CF00085464C /* Build configuration list for PBXNativeTarget "AlbumUITests" */ = {
			isa = XCConfigurationList;
			buildConfigurations = (
				C653171021651CF00085464C /* Debug */,
				C653171121651CF00085464C /* Release */,
			);
			defaultConfigurationIsVisible = 0;
			defaultConfigurationName = Release;
		};
/* End XCConfigurationList section */

/* Begin XCVersionGroup section */
		C65316E821651CED0085464C /* Album.xcdatamodeld */ = {
			isa = XCVersionGroup;
			children = (
				C65316E921651CED0085464C /* Album.xcdatamodel */,
			);
			currentVersion = C65316E921651CED0085464C /* Album.xcdatamodel */;
			path = Album.xcdatamodeld;
			sourceTree = "<group>";
			versionGroupType = wrapper.xcdatamodel;
		};
/* End XCVersionGroup section */
	};
	rootObject = C65316D621651CED0085464C /* Project object */;
}
